
Microsoft Visual Studio Solution File, Format Version 12.00
# Visual Studio Version 17
VisualStudioVersion = 17.0.32112.339
MinimumVisualStudioVersion = 10.0.40219.1
Project("{FAE04EC0-301F-11D3-BF4B-00C04F79EFBC}") = "WebRequestResult", "WebRequestResult\WebRequestResult.csproj", "{BA9F809B-07BA-429C-BEA4-34B52F0CFB70}"
EndProject
Global
	GlobalSection(SolutionConfigurationPlatforms) = preSolution
		Debug|Any CPU = Debug|Any CPU
		Release|Any CPU = Release|Any CPU
	EndGlobalSection
	GlobalSection(ProjectConfigurationPlatforms) = postSolution
		{BA9F809B-07BA-429C-BEA4-34B52F0CFB70}.Debug|Any CPU.ActiveCfg = Debug|Any CPU
		{BA9F809B-07BA-429C-BEA4-34B52F0CFB70}.Debug|Any CPU.Build.0 = Debug|Any CPU
		{BA9F809B-07BA-429C-BEA4-34B52F0CFB70}.Release|Any CPU.ActiveCfg = Release|Any CPU
		{BA9F809B-07BA-429C-BEA4-34B52F0CFB70}.Release|Any CPU.Build.0 = Release|Any CPU
	EndGlobalSection
	GlobalSection(SolutionProperties) = preSolution
		HideSolutionNode = FALSE
	EndGlobalSection
	GlobalSection(ExtensibilityGlobals) = postSolution
		SolutionGuid = {6A38B0CA-D93E-4723-89D6-07C2A8189A61}
	EndGlobalSection
EndGlobal
